{
  "name": "@drhuy/infobase",
  "version": "1.0.0",
  "lockfileVersion": 2,
  "requires": true,
  "packages": {
    "": {
      "name": "@drhuy/infobase",
      "version": "1.0.0",
      "license": "ISC",
      "dependencies": {
        "@drhuy/event-handle": "^1.0.2"
      }
    },
    "node_modules/@drhuy/event-handle": {
      "version": "1.0.2",
      "resolved": "https://registry.npmjs.org/@drhuy/event-handle/-/event-handle-1.0.2.tgz",
      "integrity": "sha512-C98XPVZ0ekQYsR61pqkA9IG+oqlFXmhNE2JZpLvvIsc+tAsLCfEreLXIeY9tdvWETTJNW3P6p+y31DHyu3lmEg=="
    }
  },
  "dependencies": {
    "@drhuy/event-handle": {
      "version": "1.0.2",
      "resolved": "https://registry.npmjs.org/@drhuy/event-handle/-/event-handle-1.0.2.tgz",
      "integrity": "sha512-C98XPVZ0ekQYsR61pqkA9IG+oqlFXmhNE2JZpLvvIsc+tAsLCfEreLXIeY9tdvWETTJNW3P6p+y31DHyu3lmEg=="
    }
  }
}
